{
  "name": "les_1",
  "version": "1.0.0",
  "lockfileVersion": 3,
  "requires": true,
  "packages": {
    "": {
      "name": "les_1",
      "version": "1.0.0",
      "license": "ISC",
      "dependencies": {
        "@drhex/prime-x": "^1.0.5"
      }
    },
    "node_modules/@drhex/prime-x": {
      "version": "1.0.5",
      "resolved": "https://registry.npmjs.org/@drhex/prime-x/-/prime-x-1.0.5.tgz",
      "integrity": "sha512-t8f1kRteEgVqF4h7CZnWfthLA16voT6xiVm+pcAjFwxR/h5FL6Sds8uZnfYFRtfhwqtr3k22tb4HRdlPjQrqdw==",
      "dependencies": {
        "@drhex/prime-x": "^1.0.4"
      }
    }
  }
}
